// !$*UTF8*$!
{
	archiveVersion = 1;
	classes = {
	};
	objectVersion = 56;
	objects = {

/* Begin PBXBuildFile section */
		BCED29E42A7B0F44004FB6BD /* BankZeroApp.swift in Sources */ = {isa = PBXBuildFile; fileRef = BCED29E32A7B0F44004FB6BD /* BankZeroApp.swift */; };
		BCED29E62A7B0F44004FB6BD /* ContentView.swift in Sources */ = {isa = PBXBuildFile; fileRef = BCED29E52A7B0F44004FB6BD /* ContentView.swift */; };
		BCED29E82A7B0F45004FB6BD /* Assets.xcassets in Resources */ = {isa = PBXBuildFile; fileRef = BCED29E72A7B0F45004FB6BD /* Assets.xcassets */; };
		BCED29EB2A7B0F45004FB6BD /* Preview Assets.xcassets in Resources */ = {isa = PBXBuildFile; fileRef = BCED29EA2A7B0F45004FB6BD /* Preview Assets.xcassets */; };
		BCED29F52A7B0F46004FB6BD /* BankZeroTests.swift in Sources */ = {isa = PBXBuildFile; fileRef = BCED29F42A7B0F46004FB6BD /* BankZeroTests.swift */; };
		BCED29FF2A7B0F46004FB6BD /* BankZeroUITests.swift in Sources */ = {isa = PBXBuildFile; fileRef = BCED29FE2A7B0F46004FB6BD /* BankZeroUITests.swift */; };
		BCED2A012A7B0F46004FB6BD /* BankZeroUITestsLaunchTests.swift in Sources */ = {isa = PBXBuildFile; fileRef = BCED2A002A7B0F46004FB6BD /* BankZeroUITestsLaunchTests.swift */; };
/* End PBXBuildFile section */

/* Begin PBXContainerItemProxy section */
		BCED29F12A7B0F46004FB6BD /* PBXContainerItemProxy */ = {
			isa = PBXContainerItemProxy;
			containerPortal = BCED29D82A7B0F44004FB6BD /* Project object */;
			proxyType = 1;
			remoteGlobalIDString = BCED29DF2A7B0F44004FB6BD;
			remoteInfo = BankZero;
		};
		BCED29FB2A7B0F46004FB6BD /* PBXContainerItemProxy */ = {
			isa = PBXContainerItemProxy;
			containerPortal = BCED29D82A7B0F44004FB6BD /* Project object */;
			proxyType = 1;
			remoteGlobalIDString = BCED29DF2A7B0F44004FB6BD;
			remoteInfo = BankZero;
		};
/* End PBXContainerItemProxy section */

/* Begin PBXFileReference section */
		BCED29E02A7B0F44004FB6BD /* BankZero.app */ = {isa = PBXFileReference; explicitFileType = wrapper.application; includeInIndex = 0; path = BankZero.app; sourceTree = BUILT_PRODUCTS_DIR; };
		BCED29E32A7B0F44004FB6BD /* BankZeroApp.swift */ = {isa = PBXFileReference; lastKnownFileType = sourcecode.swift; path = BankZeroApp.swift; sourceTree = "<group>"; };
		BCED29E52A7B0F44004FB6BD /* ContentView.swift */ = {isa = PBXFileReference; lastKnownFileType = sourcecode.swift; path = ContentView.swift; sourceTree = "<group>"; };
		BCED29E72A7B0F45004FB6BD /* Assets.xcassets */ = {isa = PBXFileReference; lastKnownFileType = folder.assetcatalog; path = Assets.xcassets; sourceTree = "<group>"; };
		BCED29EA2A7B0F45004FB6BD /* Preview Assets.xcassets */ = {isa = PBXFileReference; lastKnownFileType = folder.assetcatalog; path = "Preview Assets.xcassets"; sourceTree = "<group>"; };
		BCED29F02A7B0F46004FB6BD /* BankZeroTests.xctest */ = {isa = PBXFileReference; explicitFileType = wrapper.cfbundle; includeInIndex = 0; path = BankZeroTests.xctest; sourceTree = BUILT_PRODUCTS_DIR; };
		BCED29F42A7B0F46004FB6BD /* BankZeroTests.swift */ = {isa = PBXFileReference; lastKnownFileType = sourcecode.swift; path = BankZeroTests.swift; sourceTree = "<group>"; };
		BCED29FA2A7B0F46004FB6BD /* BankZeroUITests.xctest */ = {isa = PBXFileReference; explicitFileType = wrapper.cfbundle; includeInIndex = 0; path = BankZeroUITests.xctest; sourceTree = BUILT_PRODUCTS_DIR; };
		BCED29FE2A7B0F46004FB6BD /* BankZeroUITests.swift */ = {isa = PBXFileReference; lastKnownFileType = sourcecode.swift; path = BankZeroUITests.swift; sourceTree = "<group>"; };
		BCED2A002A7B0F46004FB6BD /* BankZeroUITestsLaunchTests.swift */ = {isa = PBXFileReference; lastKnownFileType = sourcecode.swift; path = BankZeroUITestsLaunchTests.swift; sourceTree = "<group>"; };
/* End PBXFileReference section */

/* Begin PBXFrameworksBuildPhase section */
		BCED29DD2A7B0F44004FB6BD /* Frameworks */ = {
			isa = PBXFrameworksBuildPhase;
			buildActionMask = 2147483647;
			files = (
			);
			runOnlyForDeploymentPostprocessing = 0;
		};
		BCED29ED2A7B0F46004FB6BD /* Frameworks */ = {
			isa = PBXFrameworksBuildPhase;
			buildActionMask = 2147483647;
			files = (
			);
			runOnlyForDeploymentPostprocessing = 0;
		};
		BCED29F72A7B0F46004FB6BD /* Frameworks */ = {
			isa = PBXFrameworksBuildPhase;
			buildActionMask = 2147483647;
			files = (
			);
			runOnlyForDeploymentPostprocessing = 0;
		};
/* End PBXFrameworksBuildPhase section */

/* Begin PBXGroup section */
		BCED29D72A7B0F44004FB6BD = {
			isa = PBXGroup;
			children = (
				BCED29E22A7B0F44004FB6BD /* BankZero */,
				BCED29F32A7B0F46004FB6BD /* BankZeroTests */,
				BCED29FD2A7B0F46004FB6BD /* BankZeroUITests */,
				BCED29E12A7B0F44004FB6BD /* Products */,
			);
			sourceTree = "<group>";
		};
		BCED29E12A7B0F44004FB6BD /* Products */ = {
			isa = PBXGroup;
			children = (
				BCED29E02A7B0F44004FB6BD /* BankZero.app */,
				BCED29F02A7B0F46004FB6BD /* BankZeroTests.xctest */,
				BCED29FA2A7B0F46004FB6BD /* BankZeroUITests.xctest */,
			);
			name = Products;
			sourceTree = "<group>";
		};
		BCED29E22A7B0F44004FB6BD /* BankZero */ = {
			isa = PBXGroup;
			children = (
				BCED29E32A7B0F44004FB6BD /* BankZeroApp.swift */,
				BCED29E52A7B0F44004FB6BD /* ContentView.swift */,
				BCED29E72A7B0F45004FB6BD /* Assets.xcassets */,
				BCED29E92A7B0F45004FB6BD /* Preview Content */,
			);
			path = BankZero;
			sourceTree = "<group>";
		};
		BCED29E92A7B0F45004FB6BD /* Preview Content */ = {
			isa = PBXGroup;
			children = (
				BCED29EA2A7B0F45004FB6BD /* Preview Assets.xcassets */,
			);
			path = "Preview Content";
			sourceTree = "<group>";
		};
		BCED29F32A7B0F46004FB6BD /* BankZeroTests */ = {
			isa = PBXGroup;
			children = (
				BCED29F42A7B0F46004FB6BD /* BankZeroTests.swift */,
			);
			path = BankZeroTests;
			sourceTree = "<group>";
		};
		BCED29FD2A7B0F46004FB6BD /* BankZeroUITests */ = {
			isa = PBXGroup;
			children = (
				BCED29FE2A7B0F46004FB6BD /* BankZeroUITests.swift */,
				BCED2A002A7B0F46004FB6BD /* BankZeroUITestsLaunchTests.swift */,
			);
			path = BankZeroUITests;
			sourceTree = "<group>";
		};
/* End PBXGroup section */

/* Begin PBXNativeTarget section */
		BCED29DF2A7B0F44004FB6BD /* BankZero */ = {
			isa = PBXNativeTarget;
			buildConfigurationList = BCED2A042A7B0F46004FB6BD /* Build configuration list for PBXNativeTarget "BankZero" */;
			buildPhases = (
				BCED29DC2A7B0F44004FB6BD /* Sources */,
				BCED29DD2A7B0F44004FB6BD /* Frameworks */,
				BCED29DE2A7B0F44004FB6BD /* Resources */,
			);
			buildRules = (
			);
			dependencies = (
			);
			name = BankZero;
			productName = BankZero;
			productReference = BCED29E02A7B0F44004FB6BD /* BankZero.app */;
			productType = "com.apple.product-type.application";
		};
		BCED29EF2A7B0F46004FB6BD /* BankZeroTests */ = {
			isa = PBXNativeTarget;
			buildConfigurationList = BCED2A072A7B0F46004FB6BD /* Build configuration list for PBXNativeTarget "BankZeroTests" */;
			buildPhases = (
				BCED29EC2A7B0F46004FB6BD /* Sources */,
				BCED29ED2A7B0F46004FB6BD /* Frameworks */,
				BCED29EE2A7B0F46004FB6BD /* Resources */,
			);
			buildRules = (
			);
			dependencies = (
				BCED29F22A7B0F46004FB6BD /* PBXTargetDependency */,
			);
			name = BankZeroTests;
			productName = BankZeroTests;
			productReference = BCED29F02A7B0F46004FB6BD /* BankZeroTests.xctest */;
			productType = "com.apple.product-type.bundle.unit-test";
		};
		BCED29F92A7B0F46004FB6BD /* BankZeroUITests */ = {
			isa = PBXNativeTarget;
			buildConfigurationList = BCED2A0A2A7B0F46004FB6BD /* Build configuration list for PBXNativeTarget "BankZeroUITests" */;
			buildPhases = (
				BCED29F62A7B0F46004FB6BD /* Sources */,
				BCED29F72A7B0F46004FB6BD /* Frameworks */,
				BCED29F82A7B0F46004FB6BD /* Resources */,
			);
			buildRules = (
			);
			dependencies = (
				BCED29FC2A7B0F46004FB6BD /* PBXTargetDependency */,
			);
			name = BankZeroUITests;
			productName = BankZeroUITests;
			productReference = BCED29FA2A7B0F46004FB6BD /* BankZeroUITests.xctest */;
			productType = "com.apple.product-type.bundle.ui-testing";
		};
/* End PBXNativeTarget section */

/* Begin PBXProject section */
		BCED29D82A7B0F44004FB6BD /* Project object */ = {
			isa = PBXProject;
			attributes = {
				BuildIndependentTargetsInParallel = 1;
				LastSwiftUpdateCheck = 1430;
				LastUpgradeCheck = 1430;
				TargetAttributes = {
					BCED29DF2A7B0F44004FB6BD = {
						CreatedOnToolsVersion = 14.3.1;
					};
					BCED29EF2A7B0F46004FB6BD = {
						CreatedOnToolsVersion = 14.3.1;
						TestTargetID = BCED29DF2A7B0F44004FB6BD;
					};
					BCED29F92A7B0F46004FB6BD = {
						CreatedOnToolsVersion = 14.3.1;
						TestTargetID = BCED29DF2A7B0F44004FB6BD;
					};
				};
			};
			buildConfigurationList = BCED29DB2A7B0F44004FB6BD /* Build configuration list for PBXProject "BankZero" */;
			compatibilityVersion = "Xcode 14.0";
			developmentRegion = en;
			hasScannedForEncodings = 0;
			knownRegions = (
				en,
				Base,
			);
			mainGroup = BCED29D72A7B0F44004FB6BD;
			productRefGroup = BCED29E12A7B0F44004FB6BD /* Products */;
			projectDirPath = "";
			projectRoot = "";
			targets = (
				BCED29DF2A7B0F44004FB6BD /* BankZero */,
				BCED29EF2A7B0F46004FB6BD /* BankZeroTests */,
				BCED29F92A7B0F46004FB6BD /* BankZeroUITests */,
			);
		};
/* End PBXProject section */

/* Begin PBXResourcesBuildPhase section */
		BCED29DE2A7B0F44004FB6BD /* Resources */ = {
			isa = PBXResourcesBuildPhase;
			buildActionMask = 2147483647;
			files = (
				BCED29EB2A7B0F45004FB6BD /* Preview Assets.xcassets in Resources */,
				BCED29E82A7B0F45004FB6BD /* Assets.xcassets in Resources */,
			);
			runOnlyForDeploymentPostprocessing = 0;
		};
		BCED29EE2A7B0F46004FB6BD /* Resources */ = {
			isa = PBXResourcesBuildPhase;
			buildActionMask = 2147483647;
			files = (
			);
			runOnlyForDeploymentPostprocessing = 0;
		};
		BCED29F82A7B0F46004FB6BD /* Resources */ = {
			isa = PBXResourcesBuildPhase;
			buildActionMask = 2147483647;
			files = (
			);
			runOnlyForDeploymentPostprocessing = 0;
		};
/* End PBXResourcesBuildPhase section */

/* Begin PBXSourcesBuildPhase section */
		BCED29DC2A7B0F44004FB6BD /* Sources */ = {
			isa = PBXSourcesBuildPhase;
			buildActionMask = 2147483647;
			files = (
				BCED29E62A7B0F44004FB6BD /* ContentView.swift in Sources */,
				BCED29E42A7B0F44004FB6BD /* BankZeroApp.swift in Sources */,
			);
			runOnlyForDeploymentPostprocessing = 0;
		};
		BCED29EC2A7B0F46004FB6BD /* Sources */ = {
			isa = PBXSourcesBuildPhase;
			buildActionMask = 2147483647;
			files = (
				BCED29F52A7B0F46004FB6BD /* BankZeroTests.swift in Sources */,
			);
			runOnlyForDeploymentPostprocessing = 0;
		};
		BCED29F62A7B0F46004FB6BD /* Sources */ = {
			isa = PBXSourcesBuildPhase;
			buildActionMask = 2147483647;
			files = (
				BCED2A012A7B0F46004FB6BD /* BankZeroUITestsLaunchTests.swift in Sources */,
				BCED29FF2A7B0F46004FB6BD /* BankZeroUITests.swift in Sources */,
			);
			runOnlyForDeploymentPostprocessing = 0;
		};
/* End PBXSourcesBuildPhase section */

/* Begin PBXTargetDependency section */
		BCED29F22A7B0F46004FB6BD /* PBXTargetDependency */ = {
			isa = PBXTargetDependency;
			target = BCED29DF2A7B0F44004FB6BD /* BankZero */;
			targetProxy = BCED29F12A7B0F46004FB6BD /* PBXContainerItemProxy */;
		};
		BCED29FC2A7B0F46004FB6BD /* PBXTargetDependency */ = {
			isa = PBXTargetDependency;
			target = BCED29DF2A7B0F44004FB6BD /* BankZero */;
			targetProxy = BCED29FB2A7B0F46004FB6BD /* PBXContainerItemProxy */;
		};
/* End PBXTargetDependency section */

/* Begin XCBuildConfiguration section */
		BCED2A022A7B0F46004FB6BD /* Debug */ = {
			isa = XCBuildConfiguration;
			buildSettings = {
				ALWAYS_SEARCH_USER_PATHS = NO;
				CLANG_ANALYZER_NONNULL = YES;
				CLANG_ANALYZER_NUMBER_OBJECT_CONVERSION = YES_AGGRESSIVE;
				CLANG_CXX_LANGUAGE_STANDARD = "gnu++20";
				CLANG_ENABLE_MODULES = YES;
				CLANG_ENABLE_OBJC_ARC = YES;
				CLANG_ENABLE_OBJC_WEAK = YES;
				CLANG_WARN_BLOCK_CAPTURE_AUTORELEASING = YES;
				CLANG_WARN_BOOL_CONVERSION = YES;
				CLANG_WARN_COMMA = YES;
				CLANG_WARN_CONSTANT_CONVERSION = YES;
				CLANG_WARN_DEPRECATED_OBJC_IMPLEMENTATIONS = YES;
				CLANG_WARN_DIRECT_OBJC_ISA_USAGE = YES_ERROR;
				CLANG_WARN_DOCUMENTATION_COMMENTS = YES;
				CLANG_WARN_EMPTY_BODY = YES;
				CLANG_WARN_ENUM_CONVERSION = YES;
				CLANG_WARN_INFINITE_RECURSION = YES;
				CLANG_WARN_INT_CONVERSION = YES;
				CLANG_WARN_NON_LITERAL_NULL_CONVERSION = YES;
				CLANG_WARN_OBJC_IMPLICIT_RETAIN_SELF = YES;
				CLANG_WARN_OBJC_LITERAL_CONVERSION = YES;
				CLANG_WARN_OBJC_ROOT_CLASS = YES_ERROR;
				CLANG_WARN_QUOTED_INCLUDE_IN_FRAMEWORK_HEADER = YES;
				CLANG_WARN_RANGE_LOOP_ANALYSIS = YES;
				CLANG_WARN_STRICT_PROTOTYPES = YES;
				CLANG_WARN_SUSPICIOUS_MOVE = YES;
				CLANG_WARN_UNGUARDED_AVAILABILITY = YES_AGGRESSIVE;
				CLANG_WARN_UNREACHABLE_CODE = YES;
				CLANG_WARN__DUPLICATE_METHOD_MATCH = YES;
				COPY_PHASE_STRIP = NO;
				DEBUG_INFORMATION_FORMAT = dwarf;
				ENABLE_STRICT_OBJC_MSGSEND = YES;
				ENABLE_TESTABILITY = YES;
				GCC_C_LANGUAGE_STANDARD = gnu11;
				GCC_DYNAMIC_NO_PIC = NO;
				GCC_NO_COMMON_BLOCKS = YES;
				GCC_OPTIMIZATION_LEVEL = 0;
				GCC_PREPROCESSOR_DEFINITIONS = (
					"DEBUG=1",
					"$(inherited)",
				);
				GCC_WARN_64_TO_32_BIT_CONVERSION = YES;
				GCC_WARN_ABOUT_RETURN_TYPE = YES_ERROR;
				GCC_WARN_UNDECLARED_SELECTOR = YES;
				GCC_WARN_UNINITIALIZED_AUTOS = YES_AGGRESSIVE;
				GCC_WARN_UNUSED_FUNCTION = YES;
				GCC_WARN_UNUSED_VARIABLE = YES;
				IPHONEOS_DEPLOYMENT_TARGET = 16.4;
				MTL_ENABLE_DEBUG_INFO = INCLUDE_SOURCE;
				MTL_FAST_MATH = YES;
				ONLY_ACTIVE_ARCH = YES;
				SDKROOT = iphoneos;
				SWIFT_ACTIVE_COMPILATION_CONDITIONS = DEBUG;
				SWIFT_OPTIMIZATION_LEVEL = "-Onone";
			};
			name = Debug;
		};
		BCED2A032A7B0F46004FB6BD /* Release */ = {
			isa = XCBuildConfiguration;
			buildSettings = {
				ALWAYS_SEARCH_USER_PATHS = NO;
				CLANG_ANALYZER_NONNULL = YES;
				CLANG_ANALYZER_NUMBER_OBJECT_CONVERSION = YES_AGGRESSIVE;
				CLANG_CXX_LANGUAGE_STANDARD = "gnu++20";
				CLANG_ENABLE_MODULES = YES;
				CLANG_ENABLE_OBJC_ARC = YES;
				CLANG_ENABLE_OBJC_WEAK = YES;
				CLANG_WARN_BLOCK_CAPTURE_AUTORELEASING = YES;
				CLANG_WARN_BOOL_CONVERSION = YES;
				CLANG_WARN_COMMA = YES;
				CLANG_WARN_CONSTANT_CONVERSION = YES;
				CLANG_WARN_DEPRECATED_OBJC_IMPLEMENTATIONS = YES;
				CLANG_WARN_DIRECT_OBJC_ISA_USAGE = YES_ERROR;
				CLANG_WARN_DOCUMENTATION_COMMENTS = YES;
				CLANG_WARN_EMPTY_BODY = YES;
				CLANG_WARN_ENUM_CONVERSION = YES;
				CLANG_WARN_INFINITE_RECURSION = YES;
				CLANG_WARN_INT_CONVERSION = YES;
				CLANG_WARN_NON_LITERAL_NULL_CONVERSION = YES;
				CLANG_WARN_OBJC_IMPLICIT_RETAIN_SELF = YES;
				CLANG_WARN_OBJC_LITERAL_CONVERSION = YES;
				CLANG_WARN_OBJC_ROOT_CLASS = YES_ERROR;
				CLANG_WARN_QUOTED_INCLUDE_IN_FRAMEWORK_HEADER = YES;
				CLANG_WARN_RANGE_LOOP_ANALYSIS = YES;
				CLANG_WARN_STRICT_PROTOTYPES = YES;
				CLANG_WARN_SUSPICIOUS_MOVE = YES;
				CLANG_WARN_UNGUARDED_AVAILABILITY = YES_AGGRESSIVE;
				CLANG_WARN_UNREACHABLE_CODE = YES;
				CLANG_WARN__DUPLICATE_METHOD_MATCH = YES;
				COPY_PHASE_STRIP = NO;
				DEBUG_INFORMATION_FORMAT = "dwarf-with-dsym";
				ENABLE_NS_ASSERTIONS = NO;
				ENABLE_STRICT_OBJC_MSGSEND = YES;
				GCC_C_LANGUAGE_STANDARD = gnu11;
				GCC_NO_COMMON_BLOCKS = YES;
				GCC_WARN_64_TO_32_BIT_CONVERSION = YES;
				GCC_WARN_ABOUT_RETURN_TYPE = YES_ERROR;
				GCC_WARN_UNDECLARED_SELECTOR = YES;
				GCC_WARN_UNINITIALIZED_AUTOS = YES_AGGRESSIVE;
				GCC_WARN_UNUSED_FUNCTION = YES;
				GCC_WARN_UNUSED_VARIABLE = YES;
				IPHONEOS_DEPLOYMENT_TARGET = 16.4;
				MTL_ENABLE_DEBUG_INFO = NO;
				MTL_FAST_MATH = YES;
				SDKROOT = iphoneos;
				SWIFT_COMPILATION_MODE = wholemodule;
				SWIFT_OPTIMIZATION_LEVEL = "-O";
				VALIDATE_PRODUCT = YES;
			};
			name = Release;
		};
		BCED2A052A7B0F46004FB6BD /* Debug */ = {
			isa = XCBuildConfiguration;
			buildSettings = {
				ASSETCATALOG_COMPILER_APPICON_NAME = AppIcon;
				ASSETCATALOG_COMPILER_GLOBAL_ACCENT_COLOR_NAME = AccentColor;
				CODE_SIGN_STYLE = Automatic;
				CURRENT_PROJECT_VERSION = 1;
				DEVELOPMENT_ASSET_PATHS = "\"BankZero/Preview Content\"";
				DEVELOPMENT_TEAM = 88VDMUUDGU;
				ENABLE_PREVIEWS = YES;
				GENERATE_INFOPLIST_FILE = YES;
				INFOPLIST_KEY_UIApplicationSceneManifest_Generation = YES;
				INFOPLIST_KEY_UIApplicationSupportsIndirectInputEvents = YES;
				INFOPLIST_KEY_UILaunchScreen_Generation = YES;
				INFOPLIST_KEY_UISupportedInterfaceOrientations_iPad = "UIInterfaceOrientationPortrait UIInterfaceOrientationPortraitUpsideDown UIInterfaceOrientationLandscapeLeft UIInterfaceOrientationLandscapeRight";
				INFOPLIST_KEY_UISupportedInterfaceOrientations_iPhone = "UIInterfaceOrientationPortrait UIInterfaceOrientationLandscapeLeft UIInterfaceOrientationLandscapeRight";
				LD_RUNPATH_SEARCH_PATHS = (
					"$(inherited)",
					"@executable_path/Frameworks",
				);
				MARKETING_VERSION = 1.0;
				PRODUCT_BUNDLE_IDENTIFIER = net.wallick.BankZero;
				PRODUCT_NAME = "$(TARGET_NAME)";
				SWIFT_EMIT_LOC_STRINGS = YES;
				SWIFT_VERSION = 5.0;
				TARGETED_DEVICE_FAMILY = "1,2";
			};
			name = Debug;
		};
		BCED2A062A7B0F46004FB6BD /* Release */ = {
			isa = XCBuildConfiguration;
			buildSettings = {
				ASSETCATALOG_COMPILER_APPICON_NAME = AppIcon;
				ASSETCATALOG_COMPILER_GLOBAL_ACCENT_COLOR_NAME = AccentColor;
				CODE_SIGN_STYLE = Automatic;
				CURRENT_PROJECT_VERSION = 1;
				DEVELOPMENT_ASSET_PATHS = "\"BankZero/Preview Content\"";
				DEVELOPMENT_TEAM = 88VDMUUDGU;
				ENABLE_PREVIEWS = YES;
				GENERATE_INFOPLIST_FILE = YES;
				INFOPLIST_KEY_UIApplicationSceneManifest_Generation = YES;
				INFOPLIST_KEY_UIApplicationSupportsIndirectInputEvents = YES;
				INFOPLIST_KEY_UILaunchScreen_Generation = YES;
				INFOPLIST_KEY_UISupportedInterfaceOrientations_iPad = "UIInterfaceOrientationPortrait UIInterfaceOrientationPortraitUpsideDown UIInterfaceOrientationLandscapeLeft UIInterfaceOrientationLandscapeRight";
				INFOPLIST_KEY_UISupportedInterfaceOrientations_iPhone = "UIInterfaceOrientationPortrait UIInterfaceOrientationLandscapeLeft UIInterfaceOrientationLandscapeRight";
				LD_RUNPATH_SEARCH_PATHS = (
					"$(inherited)",
					"@executable_path/Frameworks",
				);
				MARKETING_VERSION = 1.0;
				PRODUCT_BUNDLE_IDENTIFIER = net.wallick.BankZero;
				PRODUCT_NAME = "$(TARGET_NAME)";
				SWIFT_EMIT_LOC_STRINGS = YES;
				SWIFT_VERSION = 5.0;
				TARGETED_DEVICE_FAMILY = "1,2";
			};
			name = Release;
		};
		BCED2A082A7B0F46004FB6BD /* Debug */ = {
			isa = XCBuildConfiguration;
			buildSettings = {
				ALWAYS_EMBED_SWIFT_STANDARD_LIBRARIES = YES;
				BUNDLE_LOADER = "$(TEST_HOST)";
				CODE_SIGN_STYLE = Automatic;
				CURRENT_PROJECT_VERSION = 1;
				DEVELOPMENT_TEAM = 88VDMUUDGU;
				GENERATE_INFOPLIST_FILE = YES;
				IPHONEOS_DEPLOYMENT_TARGET = 16.4;
				MARKETING_VERSION = 1.0;
				PRODUCT_BUNDLE_IDENTIFIER = net.wallick.BankZeroTests;
				PRODUCT_NAME = "$(TARGET_NAME)";
				SWIFT_EMIT_LOC_STRINGS = NO;
				SWIFT_VERSION = 5.0;
				TARGETED_DEVICE_FAMILY = "1,2";
				TEST_HOST = "$(BUILT_PRODUCTS_DIR)/BankZero.app/$(BUNDLE_EXECUTABLE_FOLDER_PATH)/BankZero";
			};
			name = Debug;
		};
		BCED2A092A7B0F46004FB6BD /* Release */ = {
			isa = XCBuildConfiguration;
			buildSettings = {
				ALWAYS_EMBED_SWIFT_STANDARD_LIBRARIES = YES;
				BUNDLE_LOADER = "$(TEST_HOST)";
				CODE_SIGN_STYLE = Automatic;
				CURRENT_PROJECT_VERSION = 1;
				DEVELOPMENT_TEAM = 88VDMUUDGU;
				GENERATE_INFOPLIST_FILE = YES;
				IPHONEOS_DEPLOYMENT_TARGET = 16.4;
				MARKETING_VERSION = 1.0;
				PRODUCT_BUNDLE_IDENTIFIER = net.wallick.BankZeroTests;
				PRODUCT_NAME = "$(TARGET_NAME)";
				SWIFT_EMIT_LOC_STRINGS = NO;
				SWIFT_VERSION = 5.0;
				TARGETED_DEVICE_FAMILY = "1,2";
				TEST_HOST = "$(BUILT_PRODUCTS_DIR)/BankZero.app/$(BUNDLE_EXECUTABLE_FOLDER_PATH)/BankZero";
			};
			name = Release;
		};
		BCED2A0B2A7B0F46004FB6BD /* Debug */ = {
			isa = XCBuildConfiguration;
			buildSettings = {
				ALWAYS_EMBED_SWIFT_STANDARD_LIBRARIES = YES;
				CODE_SIGN_STYLE = Automatic;
				CURRENT_PROJECT_VERSION = 1;
				DEVELOPMENT_TEAM = 88VDMUUDGU;
				GENERATE_INFOPLIST_FILE = YES;
				MARKETING_VERSION = 1.0;
				PRODUCT_BUNDLE_IDENTIFIER = net.wallick.BankZeroUITests;
				PRODUCT_NAME = "$(TARGET_NAME)";
				SWIFT_EMIT_LOC_STRINGS = NO;
				SWIFT_VERSION = 5.0;
				TARGETED_DEVICE_FAMILY = "1,2";
				TEST_TARGET_NAME = BankZero;
			};
			name = Debug;
		};
		BCED2A0C2A7B0F46004FB6BD /* Release */ = {
			isa = XCBuildConfiguration;
			buildSettings = {
				ALWAYS_EMBED_SWIFT_STANDARD_LIBRARIES = YES;
				CODE_SIGN_STYLE = Automatic;
				CURRENT_PROJECT_VERSION = 1;
				DEVELOPMENT_TEAM = 88VDMUUDGU;
				GENERATE_INFOPLIST_FILE = YES;
				MARKETING_VERSION = 1.0;
				PRODUCT_BUNDLE_IDENTIFIER = net.wallick.BankZeroUITests;
				PRODUCT_NAME = "$(TARGET_NAME)";
				SWIFT_EMIT_LOC_STRINGS = NO;
				SWIFT_VERSION = 5.0;
				TARGETED_DEVICE_FAMILY = "1,2";
				TEST_TARGET_NAME = BankZero;
			};
			name = Release;
		};
/* End XCBuildConfiguration section */

/* Begin XCConfigurationList section */
		BCED29DB2A7B0F44004FB6BD /* Build configuration list for PBXProject "BankZero" */ = {
			isa = XCConfigurationList;
			buildConfigurations = (
				BCED2A022A7B0F46004FB6BD /* Debug */,
				BCED2A032A7B0F46004FB6BD /* Release */,
			);
			defaultConfigurationIsVisible = 0;
			defaultConfigurationName = Release;
		};
		BCED2A042A7B0F46004FB6BD /* Build configuration list for PBXNativeTarget "BankZero" */ = {
			isa = XCConfigurationList;
			buildConfigurations = (
				BCED2A052A7B0F46004FB6BD /* Debug */,
				BCED2A062A7B0F46004FB6BD /* Release */,
			);
			defaultConfigurationIsVisible = 0;
			defaultConfigurationName = Release;
		};
		BCED2A072A7B0F46004FB6BD /* Build configuration list for PBXNativeTarget "BankZeroTests" */ = {
			isa = XCConfigurationList;
			buildConfigurations = (
				BCED2A082A7B0F46004FB6BD /* Debug */,
				BCED2A092A7B0F46004FB6BD /* Release */,
			);
			defaultConfigurationIsVisible = 0;
			defaultConfigurationName = Release;
		};
		BCED2A0A2A7B0F46004FB6BD /* Build configuration list for PBXNativeTarget "BankZeroUITests" */ = {
			isa = XCConfigurationList;
			buildConfigurations = (
				BCED2A0B2A7B0F46004FB6BD /* Debug */,
				BCED2A0C2A7B0F46004FB6BD /* Release */,
			);
			defaultConfigurationIsVisible = 0;
			defaultConfigurationName = Release;
		};
/* End XCConfigurationList section */
	};
	rootObject = BCED29D82A7B0F44004FB6BD /* Project object */;
}
